
Microsoft Visual Studio Solution File, Format Version 12.00
# Visual Studio Version 17
VisualStudioVersion = 17.10.35004.147
MinimumVisualStudioVersion = 10.0.40219.1
Project("{FAE04EC0-301F-11D3-BF4B-00C04F79EFBC}") = "clinicaVeterinariaApp", "clinicaVeterinariaApp\clinicaVeterinariaApp.csproj", "{761152D7-171A-4572-82D2-199A66CA9169}"
EndProject
Global
	GlobalSection(SolutionConfigurationPlatforms) = preSolution
		Debug|Any CPU = Debug|Any CPU
		Release|Any CPU = Release|Any CPU
	EndGlobalSection
	GlobalSection(ProjectConfigurationPlatforms) = postSolution
		{761152D7-171A-4572-82D2-199A66CA9169}.Debug|Any CPU.ActiveCfg = Debug|Any CPU
		{761152D7-171A-4572-82D2-199A66CA9169}.Debug|Any CPU.Build.0 = Debug|Any CPU
		{761152D7-171A-4572-82D2-199A66CA9169}.Release|Any CPU.ActiveCfg = Release|Any CPU
		{761152D7-171A-4572-82D2-199A66CA9169}.Release|Any CPU.Build.0 = Release|Any CPU
	EndGlobalSection
	GlobalSection(SolutionProperties) = preSolution
		HideSolutionNode = FALSE
	EndGlobalSection
	GlobalSection(ExtensibilityGlobals) = postSolution
		SolutionGuid = {85EC1310-51ED-42DA-9976-004ED6D2F586}
	EndGlobalSection
EndGlobal
